{
  "version": 4,
  "terraform_version": "1.12.2",
  "serial": 87,
  "lineage": "f9732301-7156-3ed0-4f0d-90f0bcf85b8b",
  "outputs": {
    "vm_public_ip": {
      "value": "20.185.25.95",
      "type": "string"
    }
  },
  "resources": [
    {
      "mode": "managed",
      "type": "azurerm_linux_virtual_machine",
      "name": "example",
      "provider": "provider[\"registry.terraform.io/hashicorp/azurerm\"]",
      "instances": [
        {
          "schema_version": 0,
          "attributes": {
            "additional_capabilities": [],
            "admin_password": null,
            "admin_ssh_key": [
              {
                "public_key": "ssh-rsa AAAAB3NzaC1yc2EAAAADAQABAAACAQC1Re78O4xlVGFK8dw+55VLty7pKRBZJDRsIHU3Hb+JmM7uPWbha1MCmtqkEf+78YkxQVz2OzT0Evrq7g/2SuZJ8bDAdzcYzsy/KPMfpyXEFQqnp0IC5t6Mii6RyYsPf3g4kp1b9A5VSWkQv26xwsYBoyYwXURFfJs4lZ7NgFdeyfpoph66//OkRv4hWpiaMH72+FwgQvpephKIU/4Y84VpZTVz6ID4gvX8ld1kh+36uif6html4erQTRga2gd+PXCraPDf/O3JV+hU69/Uu/+Xa/NsdgXeWQ5vQPhR6vhG2k8rAb2Ysm7x2XebqqkZDZsB0p8wsE6X2fn99ubbkqsfg5OXOsx9pvCZlqzKew5+sQ86B/taRzg/VyOtmRNEeHDTmJxxmEdfQHFbgtfTo+v8cIZf3yeKIZJatJtVDc7cTty50HnmJR90ZnwGtolN5nmQ+cnAJakG4/cgdkVEOzCoLYoz67leGC7YzEAoySiegDtrY3h8dHQ1hOM2+k1ZezRLMPN60GKdkhkdS1Hiv7QD9GpPi9592WlHNKNzjYKiCuWiD1ryYFYSML+olGhSrdc3JxKz7x6JSuwaHL17f8PWhvzlWzEfs+Ix28QDK/2rEgSV9i+3AuFW9DmPwuUNgzGuDHFoHn9UEdGc8m3PZXcllTouCYgwC0MvKx8P5eOlfw== gyanesh@TiwariFamily\n",
                "username": "adminuser"
              }
            ],
            "admin_username": "adminuser",
            "allow_extension_operations": true,
            "availability_set_id": "",
            "boot_diagnostics": [],
            "computer_name": "gt-vm",
            "custom_data": null,
            "dedicated_host_group_id": "",
            "dedicated_host_id": "",
            "disable_password_authentication": true,
            "edge_zone": "",
            "encryption_at_host_enabled": false,
            "eviction_policy": "",
            "extensions_time_budget": "PT1H30M",
            "id": "/subscriptions/a9c7d1f6-cb50-449a-a821-488e80eaba44/resourceGroups/gt-rg/providers/Microsoft.Compute/virtualMachines/gt-vm",
            "identity": [],
            "license_type": "",
            "location": "eastus",
            "max_bid_price": -1,
            "name": "gt-vm",
            "network_interface_ids": [
              "/subscriptions/a9c7d1f6-cb50-449a-a821-488e80eaba44/resourceGroups/gt-rg/providers/Microsoft.Network/networkInterfaces/gt-nic"
            ],
            "os_disk": [
              {
                "caching": "ReadWrite",
                "diff_disk_settings": [],
                "disk_encryption_set_id": "",
                "disk_size_gb": 30,
                "name": "gt-vm_disk1_78f65e6606454cdf9b1c5e7084890f4d",
                "storage_account_type": "Standard_LRS",
                "write_accelerator_enabled": false
              }
            ],
            "patch_mode": "ImageDefault",
            "plan": [],
            "platform_fault_domain": -1,
            "priority": "Regular",
            "private_ip_address": "10.0.2.4",
            "private_ip_addresses": [
              "10.0.2.4"
            ],
            "provision_vm_agent": true,
            "proximity_placement_group_id": "",
            "public_ip_address": "20.185.25.95",
            "public_ip_addresses": [
              "20.185.25.95"
            ],
            "resource_group_name": "gt-rg",
            "secret": [],
            "secure_boot_enabled": false,
            "size": "Standard_F2",
            "source_image_id": "",
            "source_image_reference": [
              {
                "offer": "0001-com-ubuntu-server-jammy",
                "publisher": "Canonical",
                "sku": "22_04-lts",
                "version": "latest"
              }
            ],
            "tags": {
              "environment": "dev",
              "owner": "gyanesh"
            },
            "termination_notification": null,
            "timeouts": null,
            "user_data": "",
            "virtual_machine_id": "38610bf6-8c5a-4b19-8f9a-477f5a2ffe5a",
            "virtual_machine_scale_set_id": "",
            "vtpm_enabled": false,
            "zone": ""
          },
          "sensitive_attributes": [
            [
              {
                "type": "get_attr",
                "value": "admin_password"
              }
            ],
            [
              {
                "type": "get_attr",
                "value": "custom_data"
              }
            ]
          ],
          "identity_schema_version": 0,
          "private": "eyJlMmJmYjczMC1lY2FhLTExZTYtOGY4OC0zNDM2M2JjN2M0YzAiOnsiY3JlYXRlIjoyNzAwMDAwMDAwMDAwLCJkZWxldGUiOjI3MDAwMDAwMDAwMDAsInJlYWQiOjMwMDAwMDAwMDAwMCwidXBkYXRlIjoyNzAwMDAwMDAwMDAwfX0=",
          "dependencies": [
            "azurerm_network_interface.example",
            "azurerm_public_ip.example",
            "azurerm_resource_group.example",
            "azurerm_subnet.example",
            "azurerm_virtual_network.example"
          ]
        }
      ]
    },
    {
      "mode": "managed",
      "type": "azurerm_network_interface",
      "name": "example",
      "provider": "provider[\"registry.terraform.io/hashicorp/azurerm\"]",
      "instances": [
        {
          "schema_version": 0,
          "attributes": {
            "applied_dns_servers": [],
            "dns_servers": [],
            "edge_zone": "",
            "enable_accelerated_networking": false,
            "enable_ip_forwarding": false,
            "id": "/subscriptions/a9c7d1f6-cb50-449a-a821-488e80eaba44/resourceGroups/gt-rg/providers/Microsoft.Network/networkInterfaces/gt-nic",
            "internal_dns_name_label": "",
            "internal_domain_name_suffix": "txjzokkyuuverlwogzvgvpjzme.bx.internal.cloudapp.net",
            "ip_configuration": [
              {
                "gateway_load_balancer_frontend_ip_configuration_id": "",
                "name": "gt-nic-config",
                "primary": true,
                "private_ip_address": "10.0.2.4",
                "private_ip_address_allocation": "Dynamic",
                "private_ip_address_version": "IPv4",
                "public_ip_address_id": "/subscriptions/a9c7d1f6-cb50-449a-a821-488e80eaba44/resourceGroups/gt-rg/providers/Microsoft.Network/publicIPAddresses/gt-pip",
                "subnet_id": "/subscriptions/a9c7d1f6-cb50-449a-a821-488e80eaba44/resourceGroups/gt-rg/providers/Microsoft.Network/virtualNetworks/gt-vnet/subnets/gt-subnet"
              }
            ],
            "location": "eastus",
            "mac_address": "",
            "name": "gt-nic",
            "private_ip_address": "10.0.2.4",
            "private_ip_addresses": [
              "10.0.2.4"
            ],
            "resource_group_name": "gt-rg",
            "tags": {
              "environment": "dev",
              "owner": "gyanesh"
            },
            "timeouts": null,
            "virtual_machine_id": ""
          },
          "sensitive_attributes": [],
          "identity_schema_version": 0,
          "private": "eyJlMmJmYjczMC1lY2FhLTExZTYtOGY4OC0zNDM2M2JjN2M0YzAiOnsiY3JlYXRlIjoxODAwMDAwMDAwMDAwLCJkZWxldGUiOjE4MDAwMDAwMDAwMDAsInJlYWQiOjMwMDAwMDAwMDAwMCwidXBkYXRlIjoxODAwMDAwMDAwMDAwfX0=",
          "dependencies": [
            "azurerm_public_ip.example",
            "azurerm_resource_group.example",
            "azurerm_subnet.example",
            "azurerm_virtual_network.example"
          ]
        }
      ]
    },
    {
      "mode": "managed",
      "type": "azurerm_network_interface_security_group_association",
      "name": "example",
      "provider": "provider[\"registry.terraform.io/hashicorp/azurerm\"]",
      "instances": [
        {
          "schema_version": 0,
          "attributes": {
            "id": "/subscriptions/a9c7d1f6-cb50-449a-a821-488e80eaba44/resourceGroups/gt-rg/providers/Microsoft.Network/networkInterfaces/gt-nic|/subscriptions/a9c7d1f6-cb50-449a-a821-488e80eaba44/resourceGroups/gt-rg/providers/Microsoft.Network/networkSecurityGroups/gt-nsg",
            "network_interface_id": "/subscriptions/a9c7d1f6-cb50-449a-a821-488e80eaba44/resourceGroups/gt-rg/providers/Microsoft.Network/networkInterfaces/gt-nic",
            "network_security_group_id": "/subscriptions/a9c7d1f6-cb50-449a-a821-488e80eaba44/resourceGroups/gt-rg/providers/Microsoft.Network/networkSecurityGroups/gt-nsg",
            "timeouts": null
          },
          "sensitive_attributes": [],
          "identity_schema_version": 0,
          "private": "eyJlMmJmYjczMC1lY2FhLTExZTYtOGY4OC0zNDM2M2JjN2M0YzAiOnsiY3JlYXRlIjoxODAwMDAwMDAwMDAwLCJkZWxldGUiOjE4MDAwMDAwMDAwMDAsInJlYWQiOjMwMDAwMDAwMDAwMCwidXBkYXRlIjoxODAwMDAwMDAwMDAwfX0=",
          "dependencies": [
            "azurerm_network_interface.example",
            "azurerm_network_security_group.example",
            "azurerm_public_ip.example",
            "azurerm_resource_group.example",
            "azurerm_subnet.example",
            "azurerm_virtual_network.example"
          ]
        }
      ]
    },
    {
      "mode": "managed",
      "type": "azurerm_network_security_group",
      "name": "example",
      "provider": "provider[\"registry.terraform.io/hashicorp/azurerm\"]",
      "instances": [
        {
          "schema_version": 0,
          "attributes": {
            "id": "/subscriptions/a9c7d1f6-cb50-449a-a821-488e80eaba44/resourceGroups/gt-rg/providers/Microsoft.Network/networkSecurityGroups/gt-nsg",
            "location": "eastus",
            "name": "gt-nsg",
            "resource_group_name": "gt-rg",
            "security_rule": [
              {
                "access": "Allow",
                "description": "",
                "destination_address_prefix": "*",
                "destination_address_prefixes": [],
                "destination_application_security_group_ids": [],
                "destination_port_range": "22",
                "destination_port_ranges": [],
                "direction": "Inbound",
                "name": "SSH",
                "priority": 100,
                "protocol": "Tcp",
                "source_address_prefix": "*",
                "source_address_prefixes": [],
                "source_application_security_group_ids": [],
                "source_port_range": "*",
                "source_port_ranges": []
              }
            ],
            "tags": {
              "environment": "dev",
              "owner": "gyanesh"
            },
            "timeouts": null
          },
          "sensitive_attributes": [],
          "identity_schema_version": 0,
          "private": "eyJlMmJmYjczMC1lY2FhLTExZTYtOGY4OC0zNDM2M2JjN2M0YzAiOnsiY3JlYXRlIjoxODAwMDAwMDAwMDAwLCJkZWxldGUiOjE4MDAwMDAwMDAwMDAsInJlYWQiOjMwMDAwMDAwMDAwMCwidXBkYXRlIjoxODAwMDAwMDAwMDAwfX0=",
          "dependencies": [
            "azurerm_resource_group.example"
          ]
        }
      ]
    },
    {
      "mode": "managed",
      "type": "azurerm_public_ip",
      "name": "example",
      "provider": "provider[\"registry.terraform.io/hashicorp/azurerm\"]",
      "instances": [
        {
          "schema_version": 0,
          "attributes": {
            "allocation_method": "Static",
            "domain_name_label": null,
            "edge_zone": "",
            "fqdn": null,
            "id": "/subscriptions/a9c7d1f6-cb50-449a-a821-488e80eaba44/resourceGroups/gt-rg/providers/Microsoft.Network/publicIPAddresses/gt-pip",
            "idle_timeout_in_minutes": 4,
            "ip_address": "20.185.25.95",
            "ip_tags": null,
            "ip_version": "IPv4",
            "location": "eastus",
            "name": "gt-pip",
            "public_ip_prefix_id": null,
            "resource_group_name": "gt-rg",
            "reverse_fqdn": null,
            "sku": "Standard",
            "sku_tier": "Regional",
            "tags": {
              "environment": "dev",
              "owner": "gyanesh"
            },
            "timeouts": null,
            "zones": null
          },
          "sensitive_attributes": [],
          "identity_schema_version": 0,
          "private": "eyJlMmJmYjczMC1lY2FhLTExZTYtOGY4OC0zNDM2M2JjN2M0YzAiOnsiY3JlYXRlIjoxODAwMDAwMDAwMDAwLCJkZWxldGUiOjE4MDAwMDAwMDAwMDAsInJlYWQiOjMwMDAwMDAwMDAwMCwidXBkYXRlIjoxODAwMDAwMDAwMDAwfX0=",
          "dependencies": [
            "azurerm_resource_group.example"
          ]
        }
      ]
    },
    {
      "mode": "managed",
      "type": "azurerm_resource_group",
      "name": "example",
      "provider": "provider[\"registry.terraform.io/hashicorp/azurerm\"]",
      "instances": [
        {
          "schema_version": 0,
          "attributes": {
            "id": "/subscriptions/a9c7d1f6-cb50-449a-a821-488e80eaba44/resourceGroups/gt-rg",
            "location": "eastus",
            "name": "gt-rg",
            "tags": {
              "environment": "dev",
              "owner": "gyanesh"
            },
            "timeouts": null
          },
          "sensitive_attributes": [],
          "identity_schema_version": 0,
          "private": "eyJlMmJmYjczMC1lY2FhLTExZTYtOGY4OC0zNDM2M2JjN2M0YzAiOnsiY3JlYXRlIjo1NDAwMDAwMDAwMDAwLCJkZWxldGUiOjU0MDAwMDAwMDAwMDAsInJlYWQiOjMwMDAwMDAwMDAwMCwidXBkYXRlIjo1NDAwMDAwMDAwMDAwfX0="
        }
      ]
    },
    {
      "mode": "managed",
      "type": "azurerm_subnet",
      "name": "example",
      "provider": "provider[\"registry.terraform.io/hashicorp/azurerm\"]",
      "instances": [
        {
          "schema_version": 0,
          "attributes": {
            "address_prefixes": [
              "10.0.2.0/24"
            ],
            "delegation": [],
            "enforce_private_link_endpoint_network_policies": false,
            "enforce_private_link_service_network_policies": false,
            "id": "/subscriptions/a9c7d1f6-cb50-449a-a821-488e80eaba44/resourceGroups/gt-rg/providers/Microsoft.Network/virtualNetworks/gt-vnet/subnets/gt-subnet",
            "name": "gt-subnet",
            "resource_group_name": "gt-rg",
            "service_endpoint_policy_ids": null,
            "service_endpoints": null,
            "timeouts": null,
            "virtual_network_name": "gt-vnet"
          },
          "sensitive_attributes": [],
          "identity_schema_version": 0,
          "private": "eyJlMmJmYjczMC1lY2FhLTExZTYtOGY4OC0zNDM2M2JjN2M0YzAiOnsiY3JlYXRlIjoxODAwMDAwMDAwMDAwLCJkZWxldGUiOjE4MDAwMDAwMDAwMDAsInJlYWQiOjMwMDAwMDAwMDAwMCwidXBkYXRlIjoxODAwMDAwMDAwMDAwfX0=",
          "dependencies": [
            "azurerm_resource_group.example",
            "azurerm_virtual_network.example"
          ]
        }
      ]
    },
    {
      "mode": "managed",
      "type": "azurerm_virtual_network",
      "name": "example",
      "provider": "provider[\"registry.terraform.io/hashicorp/azurerm\"]",
      "instances": [
        {
          "schema_version": 0,
          "attributes": {
            "address_space": [
              "10.0.0.0/16"
            ],
            "bgp_community": "",
            "ddos_protection_plan": [],
            "dns_servers": [],
            "edge_zone": "",
            "flow_timeout_in_minutes": 0,
            "guid": "2997d39d-a558-482a-aece-366a6abd3964",
            "id": "/subscriptions/a9c7d1f6-cb50-449a-a821-488e80eaba44/resourceGroups/gt-rg/providers/Microsoft.Network/virtualNetworks/gt-vnet",
            "location": "eastus",
            "name": "gt-vnet",
            "resource_group_name": "gt-rg",
            "subnet": [],
            "tags": {
              "environment": "dev",
              "owner": "gyanesh"
            },
            "timeouts": null
          },
          "sensitive_attributes": [],
          "identity_schema_version": 0,
          "private": "eyJlMmJmYjczMC1lY2FhLTExZTYtOGY4OC0zNDM2M2JjN2M0YzAiOnsiY3JlYXRlIjoxODAwMDAwMDAwMDAwLCJkZWxldGUiOjE4MDAwMDAwMDAwMDAsInJlYWQiOjMwMDAwMDAwMDAwMCwidXBkYXRlIjoxODAwMDAwMDAwMDAwfX0=",
          "dependencies": [
            "azurerm_resource_group.example"
          ]
        }
      ]
    }
  ],
  "check_results": null
}
